
Microsoft Visual Studio Solution File, Format Version 12.00
# Visual Studio 15
Project("{FAE04EC0-301F-11D3-BF4B-00C04F79EFBC}") = "Assembly-CSharp", "Assembly-CSharp.csproj", "{50AD1AAF-7604-107C-FFB0-F57C77486B3D}"
EndProject
Project("{FAE04EC0-301F-11D3-BF4B-00C04F79EFBC}") = "Assembly-CSharp-Editor", "Assembly-CSharp-Editor.csproj", "{E2A25F0A-0C7A-21B3-5647-17FDEB41984B}"
EndProject
Global
	GlobalSection(SolutionConfigurationPlatforms) = preSolution
		Debug|Any CPU = Debug|Any CPU
		Release|Any CPU = Release|Any CPU
	EndGlobalSection
	GlobalSection(ProjectConfigurationPlatforms) = postSolution
		{50AD1AAF-7604-107C-FFB0-F57C77486B3D}.Debug|Any CPU.ActiveCfg = Debug|Any CPU
		{50AD1AAF-7604-107C-FFB0-F57C77486B3D}.Debug|Any CPU.Build.0 = Debug|Any CPU
		{50AD1AAF-7604-107C-FFB0-F57C77486B3D}.Release|Any CPU.ActiveCfg = Release|Any CPU
		{50AD1AAF-7604-107C-FFB0-F57C77486B3D}.Release|Any CPU.Build.0 = Release|Any CPU
		{E2A25F0A-0C7A-21B3-5647-17FDEB41984B}.Debug|Any CPU.ActiveCfg = Debug|Any CPU
		{E2A25F0A-0C7A-21B3-5647-17FDEB41984B}.Debug|Any CPU.Build.0 = Debug|Any CPU
		{E2A25F0A-0C7A-21B3-5647-17FDEB41984B}.Release|Any CPU.ActiveCfg = Release|Any CPU
		{E2A25F0A-0C7A-21B3-5647-17FDEB41984B}.Release|Any CPU.Build.0 = Release|Any CPU
	EndGlobalSection
	GlobalSection(SolutionProperties) = preSolution
		HideSolutionNode = FALSE
	EndGlobalSection
EndGlobal
